
Microsoft Visual Studio Solution File, Format Version 12.00
# Visual Studio Version 17
VisualStudioVersion = 17.3.32611.2
MinimumVisualStudioVersion = 10.0.40219.1
Project("{9A19103F-16F7-4668-BE54-9A1E7A4F7556}") = "ApplicationName", "..\templates\WebpackComponent\ApplicationName.csproj", "{10A13DAF-B047-4969-91A6-31F7AA93248A}"
EndProject
Project("{9A19103F-16F7-4668-BE54-9A1E7A4F7556}") = "WebPackComponentSample", "WebPackComponentSample/WebPackComponentSample.csproj", "{9AC658CF-3930-4610-921B-ABC411403388}"
EndProject
Global
	GlobalSection(SolutionConfigurationPlatforms) = preSolution
		Debug|Any CPU = Debug|Any CPU
		Release|Any CPU = Release|Any CPU
	EndGlobalSection
	GlobalSection(ProjectConfigurationPlatforms) = postSolution
		{10A13DAF-B047-4969-91A6-31F7AA93248A}.Debug|Any CPU.ActiveCfg = Debug|Any CPU
		{10A13DAF-B047-4969-91A6-31F7AA93248A}.Debug|Any CPU.Build.0 = Debug|Any CPU
		{10A13DAF-B047-4969-91A6-31F7AA93248A}.Release|Any CPU.ActiveCfg = Release|Any CPU
		{10A13DAF-B047-4969-91A6-31F7AA93248A}.Release|Any CPU.Build.0 = Release|Any CPU
		{9AC658CF-3930-4610-921B-ABC411403388}.Debug|Any CPU.ActiveCfg = Debug|Any CPU
		{9AC658CF-3930-4610-921B-ABC411403388}.Debug|Any CPU.Build.0 = Debug|Any CPU
		{9AC658CF-3930-4610-921B-ABC411403388}.Release|Any CPU.ActiveCfg = Release|Any CPU
		{9AC658CF-3930-4610-921B-ABC411403388}.Release|Any CPU.Build.0 = Release|Any CPU
	EndGlobalSection
	GlobalSection(SolutionProperties) = preSolution
		HideSolutionNode = FALSE
	EndGlobalSection
	GlobalSection(ExtensibilityGlobals) = postSolution
		SolutionGuid = {A1354A1B-302B-4BE6-B172-AC99F571B80E}
	EndGlobalSection
EndGlobal
